
Microsoft Visual Studio Solution File, Format Version 12.00
# Visual Studio Version 16
VisualStudioVersion = 16.0.31205.134
MinimumVisualStudioVersion = 10.0.40219.1
Project("{9A19103F-16F7-4668-BE54-9A1E7A4F7556}") = "SinglyLinkedList.Demo", "SinglyLinkedList.Demo\SinglyLinkedList.Demo.csproj", "{E0CC9FEB-D79D-4212-875B-90A40E22B680}"
EndProject
Project("{9A19103F-16F7-4668-BE54-9A1E7A4F7556}") = "DataStructures", "DataStructures\DataStructures.csproj", "{36BF6CB9-BB50-46F9-8E80-172EEDF00BCA}"
EndProject
Project("{9A19103F-16F7-4668-BE54-9A1E7A4F7556}") = "BinaryTree.Demo", "BinaryTree.Demo\BinaryTree.Demo.csproj", "{ACBA6887-A671-4F73-ADCE-7660721D4E37}"
EndProject
Project("{FAE04EC0-301F-11D3-BF4B-00C04F79EFBC}") = "DoublyLinkedList.Demo", "DoublyLinkedList.Demo\DoublyLinkedList.Demo.csproj", "{B359582E-D3E3-4102-9CD0-781266EB1710}"
EndProject
Global
	GlobalSection(SolutionConfigurationPlatforms) = preSolution
		Debug|Any CPU = Debug|Any CPU
		Release|Any CPU = Release|Any CPU
	EndGlobalSection
	GlobalSection(ProjectConfigurationPlatforms) = postSolution
		{E0CC9FEB-D79D-4212-875B-90A40E22B680}.Debug|Any CPU.ActiveCfg = Debug|Any CPU
		{E0CC9FEB-D79D-4212-875B-90A40E22B680}.Debug|Any CPU.Build.0 = Debug|Any CPU
		{E0CC9FEB-D79D-4212-875B-90A40E22B680}.Release|Any CPU.ActiveCfg = Release|Any CPU
		{E0CC9FEB-D79D-4212-875B-90A40E22B680}.Release|Any CPU.Build.0 = Release|Any CPU
		{36BF6CB9-BB50-46F9-8E80-172EEDF00BCA}.Debug|Any CPU.ActiveCfg = Debug|Any CPU
		{36BF6CB9-BB50-46F9-8E80-172EEDF00BCA}.Debug|Any CPU.Build.0 = Debug|Any CPU
		{36BF6CB9-BB50-46F9-8E80-172EEDF00BCA}.Release|Any CPU.ActiveCfg = Release|Any CPU
		{36BF6CB9-BB50-46F9-8E80-172EEDF00BCA}.Release|Any CPU.Build.0 = Release|Any CPU
		{ACBA6887-A671-4F73-ADCE-7660721D4E37}.Debug|Any CPU.ActiveCfg = Debug|Any CPU
		{ACBA6887-A671-4F73-ADCE-7660721D4E37}.Debug|Any CPU.Build.0 = Debug|Any CPU
		{ACBA6887-A671-4F73-ADCE-7660721D4E37}.Release|Any CPU.ActiveCfg = Release|Any CPU
		{ACBA6887-A671-4F73-ADCE-7660721D4E37}.Release|Any CPU.Build.0 = Release|Any CPU
		{B359582E-D3E3-4102-9CD0-781266EB1710}.Debug|Any CPU.ActiveCfg = Debug|Any CPU
		{B359582E-D3E3-4102-9CD0-781266EB1710}.Debug|Any CPU.Build.0 = Debug|Any CPU
		{B359582E-D3E3-4102-9CD0-781266EB1710}.Release|Any CPU.ActiveCfg = Release|Any CPU
		{B359582E-D3E3-4102-9CD0-781266EB1710}.Release|Any CPU.Build.0 = Release|Any CPU
	EndGlobalSection
	GlobalSection(SolutionProperties) = preSolution
		HideSolutionNode = FALSE
	EndGlobalSection
	GlobalSection(ExtensibilityGlobals) = postSolution
		SolutionGuid = {679AD440-83C4-4429-9590-016ADCC8ACF2}
	EndGlobalSection
EndGlobal
